
Microsoft Visual Studio Solution File, Format Version 12.00
# Visual Studio Version 17
VisualStudioVersion = 17.10.35013.160
MinimumVisualStudioVersion = 10.0.40219.1
Project("{FAE04EC0-301F-11D3-BF4B-00C04F79EFBC}") = "BabyClinicAPI", "BabyClinicAPI\BabyClinicAPI.csproj", "{DB22D32B-9DCB-4FC7-9728-269ECC75A503}"
EndProject
Project("{FAE04EC0-301F-11D3-BF4B-00C04F79EFBC}") = "BabyClinicAPI.Tests", "BabyClinicAPI.Tests\BabyClinicAPI.Tests.csproj", "{83A4439E-7234-4538-B231-3BCC53A4FAEA}"
EndProject
Global
	GlobalSection(SolutionConfigurationPlatforms) = preSolution
		Debug|Any CPU = Debug|Any CPU
		Release|Any CPU = Release|Any CPU
	EndGlobalSection
	GlobalSection(ProjectConfigurationPlatforms) = postSolution
		{DB22D32B-9DCB-4FC7-9728-269ECC75A503}.Debug|Any CPU.ActiveCfg = Debug|Any CPU
		{DB22D32B-9DCB-4FC7-9728-269ECC75A503}.Debug|Any CPU.Build.0 = Debug|Any CPU
		{DB22D32B-9DCB-4FC7-9728-269ECC75A503}.Release|Any CPU.ActiveCfg = Release|Any CPU
		{DB22D32B-9DCB-4FC7-9728-269ECC75A503}.Release|Any CPU.Build.0 = Release|Any CPU
		{83A4439E-7234-4538-B231-3BCC53A4FAEA}.Debug|Any CPU.ActiveCfg = Debug|Any CPU
		{83A4439E-7234-4538-B231-3BCC53A4FAEA}.Debug|Any CPU.Build.0 = Debug|Any CPU
		{83A4439E-7234-4538-B231-3BCC53A4FAEA}.Release|Any CPU.ActiveCfg = Release|Any CPU
		{83A4439E-7234-4538-B231-3BCC53A4FAEA}.Release|Any CPU.Build.0 = Release|Any CPU
	EndGlobalSection
	GlobalSection(SolutionProperties) = preSolution
		HideSolutionNode = FALSE
	EndGlobalSection
	GlobalSection(ExtensibilityGlobals) = postSolution
		SolutionGuid = {991E8D8A-C05F-48D4-AE46-99C3FE6C3955}
	EndGlobalSection
EndGlobal
